
Microsoft Visual Studio Solution File, Format Version 12.00
# Visual Studio Version 17
VisualStudioVersion = 17.5.33424.131
MinimumVisualStudioVersion = 10.0.40219.1
Project("{FAE04EC0-301F-11D3-BF4B-00C04F79EFBC}") = "001_BMI", "001_BMI\001_BMI.csproj", "{0D91BB9D-E383-4CF4-A579-E28B2C43CD4A}"
EndProject
Project("{FAE04EC0-301F-11D3-BF4B-00C04F79EFBC}") = "002_BMI WF", "002_BMI WF\002_BMI WF.csproj", "{F3C4ABFD-5FC7-49CF-8732-3104E9AE1612}"
EndProject
Project("{9A19103F-16F7-4668-BE54-9A1E7A4F7556}") = "003_format", "003_format\003_format.csproj", "{4A39F981-44D0-421F-8E04-54B674A9F5B2}"
EndProject
Project("{FAE04EC0-301F-11D3-BF4B-00C04F79EFBC}") = "004_login", "004_login\004_login.csproj", "{4B1820F5-4DF5-4398-8395-08B39E27227F}"
EndProject
Project("{FAE04EC0-301F-11D3-BF4B-00C04F79EFBC}") = "005_helloworld", "005_helloworld\005_helloworld.csproj", "{8AAC9971-458B-4CC5-8672-13B2700234D0}"
EndProject
Project("{FAE04EC0-301F-11D3-BF4B-00C04F79EFBC}") = "006_basiccontrols", "006_basiccontrols\006_basiccontrols.csproj", "{D0B967FE-8DE5-4CD8-B74B-9E2435FF9E57}"
EndProject
Project("{FAE04EC0-301F-11D3-BF4B-00C04F79EFBC}") = "007_message", "007_message\007_message.csproj", "{551AC1B8-E057-405F-8494-AD644110AD16}"
EndProject
Project("{FAE04EC0-301F-11D3-BF4B-00C04F79EFBC}") = "008_lable", "008_lable\008_lable.csproj", "{7753BBE7-87D2-4628-AD98-C7F957845408}"
EndProject
Project("{FAE04EC0-301F-11D3-BF4B-00C04F79EFBC}") = "009_CheckBox", "009_CheckBox\009_CheckBox.csproj", "{439C1414-A1A9-4893-879C-6EE3187E995A}"
EndProject
Global
	GlobalSection(SolutionConfigurationPlatforms) = preSolution
		Debug|Any CPU = Debug|Any CPU
		Release|Any CPU = Release|Any CPU
	EndGlobalSection
	GlobalSection(ProjectConfigurationPlatforms) = postSolution
		{0D91BB9D-E383-4CF4-A579-E28B2C43CD4A}.Debug|Any CPU.ActiveCfg = Debug|Any CPU
		{0D91BB9D-E383-4CF4-A579-E28B2C43CD4A}.Debug|Any CPU.Build.0 = Debug|Any CPU
		{0D91BB9D-E383-4CF4-A579-E28B2C43CD4A}.Release|Any CPU.ActiveCfg = Release|Any CPU
		{0D91BB9D-E383-4CF4-A579-E28B2C43CD4A}.Release|Any CPU.Build.0 = Release|Any CPU
		{F3C4ABFD-5FC7-49CF-8732-3104E9AE1612}.Debug|Any CPU.ActiveCfg = Debug|Any CPU
		{F3C4ABFD-5FC7-49CF-8732-3104E9AE1612}.Debug|Any CPU.Build.0 = Debug|Any CPU
		{F3C4ABFD-5FC7-49CF-8732-3104E9AE1612}.Release|Any CPU.ActiveCfg = Release|Any CPU
		{F3C4ABFD-5FC7-49CF-8732-3104E9AE1612}.Release|Any CPU.Build.0 = Release|Any CPU
		{4A39F981-44D0-421F-8E04-54B674A9F5B2}.Debug|Any CPU.ActiveCfg = Debug|Any CPU
		{4A39F981-44D0-421F-8E04-54B674A9F5B2}.Debug|Any CPU.Build.0 = Debug|Any CPU
		{4A39F981-44D0-421F-8E04-54B674A9F5B2}.Release|Any CPU.ActiveCfg = Release|Any CPU
		{4A39F981-44D0-421F-8E04-54B674A9F5B2}.Release|Any CPU.Build.0 = Release|Any CPU
		{4B1820F5-4DF5-4398-8395-08B39E27227F}.Debug|Any CPU.ActiveCfg = Debug|Any CPU
		{4B1820F5-4DF5-4398-8395-08B39E27227F}.Debug|Any CPU.Build.0 = Debug|Any CPU
		{4B1820F5-4DF5-4398-8395-08B39E27227F}.Release|Any CPU.ActiveCfg = Release|Any CPU
		{4B1820F5-4DF5-4398-8395-08B39E27227F}.Release|Any CPU.Build.0 = Release|Any CPU
		{8AAC9971-458B-4CC5-8672-13B2700234D0}.Debug|Any CPU.ActiveCfg = Debug|Any CPU
		{8AAC9971-458B-4CC5-8672-13B2700234D0}.Debug|Any CPU.Build.0 = Debug|Any CPU
		{8AAC9971-458B-4CC5-8672-13B2700234D0}.Release|Any CPU.ActiveCfg = Release|Any CPU
		{8AAC9971-458B-4CC5-8672-13B2700234D0}.Release|Any CPU.Build.0 = Release|Any CPU
		{D0B967FE-8DE5-4CD8-B74B-9E2435FF9E57}.Debug|Any CPU.ActiveCfg = Debug|Any CPU
		{D0B967FE-8DE5-4CD8-B74B-9E2435FF9E57}.Debug|Any CPU.Build.0 = Debug|Any CPU
		{D0B967FE-8DE5-4CD8-B74B-9E2435FF9E57}.Release|Any CPU.ActiveCfg = Release|Any CPU
		{D0B967FE-8DE5-4CD8-B74B-9E2435FF9E57}.Release|Any CPU.Build.0 = Release|Any CPU
		{551AC1B8-E057-405F-8494-AD644110AD16}.Debug|Any CPU.ActiveCfg = Debug|Any CPU
		{551AC1B8-E057-405F-8494-AD644110AD16}.Debug|Any CPU.Build.0 = Debug|Any CPU
		{551AC1B8-E057-405F-8494-AD644110AD16}.Release|Any CPU.ActiveCfg = Release|Any CPU
		{551AC1B8-E057-405F-8494-AD644110AD16}.Release|Any CPU.Build.0 = Release|Any CPU
		{7753BBE7-87D2-4628-AD98-C7F957845408}.Debug|Any CPU.ActiveCfg = Debug|Any CPU
		{7753BBE7-87D2-4628-AD98-C7F957845408}.Debug|Any CPU.Build.0 = Debug|Any CPU
		{7753BBE7-87D2-4628-AD98-C7F957845408}.Release|Any CPU.ActiveCfg = Release|Any CPU
		{7753BBE7-87D2-4628-AD98-C7F957845408}.Release|Any CPU.Build.0 = Release|Any CPU
		{439C1414-A1A9-4893-879C-6EE3187E995A}.Debug|Any CPU.ActiveCfg = Debug|Any CPU
		{439C1414-A1A9-4893-879C-6EE3187E995A}.Debug|Any CPU.Build.0 = Debug|Any CPU
		{439C1414-A1A9-4893-879C-6EE3187E995A}.Release|Any CPU.ActiveCfg = Release|Any CPU
		{439C1414-A1A9-4893-879C-6EE3187E995A}.Release|Any CPU.Build.0 = Release|Any CPU
	EndGlobalSection
	GlobalSection(SolutionProperties) = preSolution
		HideSolutionNode = FALSE
	EndGlobalSection
	GlobalSection(ExtensibilityGlobals) = postSolution
		SolutionGuid = {8B60D877-A4DA-4942-B486-388E9C61BC57}
	EndGlobalSection
EndGlobal
