
Microsoft Visual Studio Solution File, Format Version 12.00
# Visual Studio Version 17
VisualStudioVersion = 17.5.33424.131
MinimumVisualStudioVersion = 10.0.40219.1
Project("{FAE04EC0-301F-11D3-BF4B-00C04F79EFBC}") = "001_BMI", "001_BMI\001_BMI.csproj", "{0D91BB9D-E383-4CF4-A579-E28B2C43CD4A}"
EndProject
Project("{FAE04EC0-301F-11D3-BF4B-00C04F79EFBC}") = "002_BMI WF", "002_BMI WF\002_BMI WF.csproj", "{F3C4ABFD-5FC7-49CF-8732-3104E9AE1612}"
EndProject
Project("{9A19103F-16F7-4668-BE54-9A1E7A4F7556}") = "003_format", "003_format\003_format.csproj", "{4A39F981-44D0-421F-8E04-54B674A9F5B2}"
EndProject
Project("{FAE04EC0-301F-11D3-BF4B-00C04F79EFBC}") = "004_login", "004_login\004_login.csproj", "{4B1820F5-4DF5-4398-8395-08B39E27227F}"
EndProject
Project("{FAE04EC0-301F-11D3-BF4B-00C04F79EFBC}") = "005_helloworld", "005_helloworld\005_helloworld.csproj", "{8AAC9971-458B-4CC5-8672-13B2700234D0}"
EndProject
Project("{FAE04EC0-301F-11D3-BF4B-00C04F79EFBC}") = "006_basiccontrols", "006_basiccontrols\006_basiccontrols.csproj", "{D0B967FE-8DE5-4CD8-B74B-9E2435FF9E57}"
EndProject
Project("{FAE04EC0-301F-11D3-BF4B-00C04F79EFBC}") = "007_message", "007_message\007_message.csproj", "{551AC1B8-E057-405F-8494-AD644110AD16}"
EndProject
Project("{FAE04EC0-301F-11D3-BF4B-00C04F79EFBC}") = "008_lable", "008_lable\008_lable.csproj", "{7753BBE7-87D2-4628-AD98-C7F957845408}"
EndProject
Project("{FAE04EC0-301F-11D3-BF4B-00C04F79EFBC}") = "009_CheckBox", "009_CheckBox\009_CheckBox.csproj", "{439C1414-A1A9-4893-879C-6EE3187E995A}"
EndProject
Project("{FAE04EC0-301F-11D3-BF4B-00C04F79EFBC}") = "010_radiobutton", "010_radiobutton\010_radiobutton.csproj", "{E193FE3C-5174-4689-BBD8-A2B94A9196D8}"
EndProject
Project("{FAE04EC0-301F-11D3-BF4B-00C04F79EFBC}") = "011_score", "011_score\011_score.csproj", "{5CE63CDB-61E6-46F4-9975-29961190F1FB}"
EndProject
Project("{FAE04EC0-301F-11D3-BF4B-00C04F79EFBC}") = "012_for 1-100", "012_for 1-100\012_for 1-100.csproj", "{5C28B37F-ECFC-44BE-B371-9DBA85E093D0}"
EndProject
Project("{FAE04EC0-301F-11D3-BF4B-00C04F79EFBC}") = "013_arr", "013_arr\013_arr.csproj", "{D6B80A15-64C2-4CF1-99F4-E563C0225C64}"
EndProject
Project("{FAE04EC0-301F-11D3-BF4B-00C04F79EFBC}") = "014_Class", "014_Class\014_Class.csproj", "{2B5D92E4-18E8-4942-BA86-1162BFA08CD0}"
EndProject
Project("{FAE04EC0-301F-11D3-BF4B-00C04F79EFBC}") = "015_min max", "015_min max\015_min max.csproj", "{0DF4B2C8-8780-4BE5-9889-65A3059295A6}"
EndProject
Project("{FAE04EC0-301F-11D3-BF4B-00C04F79EFBC}") = "016_chart", "016_chart\016_chart.csproj", "{A6062A2C-0B2C-4BB1-8472-010A68EC4E55}"
EndProject
Project("{FAE04EC0-301F-11D3-BF4B-00C04F79EFBC}") = "016_chart2", "016_chart2\016_chart2.csproj", "{41422DE8-C53F-4474-BFEC-4DB85CE5EE08}"
EndProject
Project("{FAE04EC0-301F-11D3-BF4B-00C04F79EFBC}") = "017_graph", "017_graph\017_graph.csproj", "{EE5F7BB7-8C93-436B-A098-9ACB73CE05D6}"
EndProject
Project("{FAE04EC0-301F-11D3-BF4B-00C04F79EFBC}") = "020_FormClock", "020_FormClock\020_FormClock.csproj", "{F58B092D-62F2-4A55-A678-B02220A21945}"
EndProject
Project("{FAE04EC0-301F-11D3-BF4B-00C04F79EFBC}") = "019_clock", "019_clock\019_clock.csproj", "{89323597-3B01-4E3C-AD2D-95FDD90A7211}"
EndProject
Project("{FAE04EC0-301F-11D3-BF4B-00C04F79EFBC}") = "021_adClock", "021_adClock\021_adClock.csproj", "{765B1A12-506A-4CB4-9027-C14CB497FA9D}"
EndProject
Project("{FAE04EC0-301F-11D3-BF4B-00C04F79EFBC}") = "022_2Forms", "022_2Forms\022_2Forms.csproj", "{9446F6DD-BCA8-4B50-9D57-24686B388763}"
EndProject
Global
	GlobalSection(SolutionConfigurationPlatforms) = preSolution
		Debug|Any CPU = Debug|Any CPU
		Release|Any CPU = Release|Any CPU
	EndGlobalSection
	GlobalSection(ProjectConfigurationPlatforms) = postSolution
		{0D91BB9D-E383-4CF4-A579-E28B2C43CD4A}.Debug|Any CPU.ActiveCfg = Debug|Any CPU
		{0D91BB9D-E383-4CF4-A579-E28B2C43CD4A}.Debug|Any CPU.Build.0 = Debug|Any CPU
		{0D91BB9D-E383-4CF4-A579-E28B2C43CD4A}.Release|Any CPU.ActiveCfg = Release|Any CPU
		{0D91BB9D-E383-4CF4-A579-E28B2C43CD4A}.Release|Any CPU.Build.0 = Release|Any CPU
		{F3C4ABFD-5FC7-49CF-8732-3104E9AE1612}.Debug|Any CPU.ActiveCfg = Debug|Any CPU
		{F3C4ABFD-5FC7-49CF-8732-3104E9AE1612}.Debug|Any CPU.Build.0 = Debug|Any CPU
		{F3C4ABFD-5FC7-49CF-8732-3104E9AE1612}.Release|Any CPU.ActiveCfg = Release|Any CPU
		{F3C4ABFD-5FC7-49CF-8732-3104E9AE1612}.Release|Any CPU.Build.0 = Release|Any CPU
		{4A39F981-44D0-421F-8E04-54B674A9F5B2}.Debug|Any CPU.ActiveCfg = Debug|Any CPU
		{4A39F981-44D0-421F-8E04-54B674A9F5B2}.Debug|Any CPU.Build.0 = Debug|Any CPU
		{4A39F981-44D0-421F-8E04-54B674A9F5B2}.Release|Any CPU.ActiveCfg = Release|Any CPU
		{4A39F981-44D0-421F-8E04-54B674A9F5B2}.Release|Any CPU.Build.0 = Release|Any CPU
		{4B1820F5-4DF5-4398-8395-08B39E27227F}.Debug|Any CPU.ActiveCfg = Debug|Any CPU
		{4B1820F5-4DF5-4398-8395-08B39E27227F}.Debug|Any CPU.Build.0 = Debug|Any CPU
		{4B1820F5-4DF5-4398-8395-08B39E27227F}.Release|Any CPU.ActiveCfg = Release|Any CPU
		{4B1820F5-4DF5-4398-8395-08B39E27227F}.Release|Any CPU.Build.0 = Release|Any CPU
		{8AAC9971-458B-4CC5-8672-13B2700234D0}.Debug|Any CPU.ActiveCfg = Debug|Any CPU
		{8AAC9971-458B-4CC5-8672-13B2700234D0}.Debug|Any CPU.Build.0 = Debug|Any CPU
		{8AAC9971-458B-4CC5-8672-13B2700234D0}.Release|Any CPU.ActiveCfg = Release|Any CPU
		{8AAC9971-458B-4CC5-8672-13B2700234D0}.Release|Any CPU.Build.0 = Release|Any CPU
		{D0B967FE-8DE5-4CD8-B74B-9E2435FF9E57}.Debug|Any CPU.ActiveCfg = Debug|Any CPU
		{D0B967FE-8DE5-4CD8-B74B-9E2435FF9E57}.Debug|Any CPU.Build.0 = Debug|Any CPU
		{D0B967FE-8DE5-4CD8-B74B-9E2435FF9E57}.Release|Any CPU.ActiveCfg = Release|Any CPU
		{D0B967FE-8DE5-4CD8-B74B-9E2435FF9E57}.Release|Any CPU.Build.0 = Release|Any CPU
		{551AC1B8-E057-405F-8494-AD644110AD16}.Debug|Any CPU.ActiveCfg = Debug|Any CPU
		{551AC1B8-E057-405F-8494-AD644110AD16}.Debug|Any CPU.Build.0 = Debug|Any CPU
		{551AC1B8-E057-405F-8494-AD644110AD16}.Release|Any CPU.ActiveCfg = Release|Any CPU
		{551AC1B8-E057-405F-8494-AD644110AD16}.Release|Any CPU.Build.0 = Release|Any CPU
		{7753BBE7-87D2-4628-AD98-C7F957845408}.Debug|Any CPU.ActiveCfg = Debug|Any CPU
		{7753BBE7-87D2-4628-AD98-C7F957845408}.Debug|Any CPU.Build.0 = Debug|Any CPU
		{7753BBE7-87D2-4628-AD98-C7F957845408}.Release|Any CPU.ActiveCfg = Release|Any CPU
		{7753BBE7-87D2-4628-AD98-C7F957845408}.Release|Any CPU.Build.0 = Release|Any CPU
		{439C1414-A1A9-4893-879C-6EE3187E995A}.Debug|Any CPU.ActiveCfg = Debug|Any CPU
		{439C1414-A1A9-4893-879C-6EE3187E995A}.Debug|Any CPU.Build.0 = Debug|Any CPU
		{439C1414-A1A9-4893-879C-6EE3187E995A}.Release|Any CPU.ActiveCfg = Release|Any CPU
		{439C1414-A1A9-4893-879C-6EE3187E995A}.Release|Any CPU.Build.0 = Release|Any CPU
		{E193FE3C-5174-4689-BBD8-A2B94A9196D8}.Debug|Any CPU.ActiveCfg = Debug|Any CPU
		{E193FE3C-5174-4689-BBD8-A2B94A9196D8}.Debug|Any CPU.Build.0 = Debug|Any CPU
		{E193FE3C-5174-4689-BBD8-A2B94A9196D8}.Release|Any CPU.ActiveCfg = Release|Any CPU
		{E193FE3C-5174-4689-BBD8-A2B94A9196D8}.Release|Any CPU.Build.0 = Release|Any CPU
		{5CE63CDB-61E6-46F4-9975-29961190F1FB}.Debug|Any CPU.ActiveCfg = Debug|Any CPU
		{5CE63CDB-61E6-46F4-9975-29961190F1FB}.Debug|Any CPU.Build.0 = Debug|Any CPU
		{5CE63CDB-61E6-46F4-9975-29961190F1FB}.Release|Any CPU.ActiveCfg = Release|Any CPU
		{5CE63CDB-61E6-46F4-9975-29961190F1FB}.Release|Any CPU.Build.0 = Release|Any CPU
		{5C28B37F-ECFC-44BE-B371-9DBA85E093D0}.Debug|Any CPU.ActiveCfg = Debug|Any CPU
		{5C28B37F-ECFC-44BE-B371-9DBA85E093D0}.Debug|Any CPU.Build.0 = Debug|Any CPU
		{5C28B37F-ECFC-44BE-B371-9DBA85E093D0}.Release|Any CPU.ActiveCfg = Release|Any CPU
		{5C28B37F-ECFC-44BE-B371-9DBA85E093D0}.Release|Any CPU.Build.0 = Release|Any CPU
		{D6B80A15-64C2-4CF1-99F4-E563C0225C64}.Debug|Any CPU.ActiveCfg = Debug|Any CPU
		{D6B80A15-64C2-4CF1-99F4-E563C0225C64}.Debug|Any CPU.Build.0 = Debug|Any CPU
		{D6B80A15-64C2-4CF1-99F4-E563C0225C64}.Release|Any CPU.ActiveCfg = Release|Any CPU
		{D6B80A15-64C2-4CF1-99F4-E563C0225C64}.Release|Any CPU.Build.0 = Release|Any CPU
		{2B5D92E4-18E8-4942-BA86-1162BFA08CD0}.Debug|Any CPU.ActiveCfg = Debug|Any CPU
		{2B5D92E4-18E8-4942-BA86-1162BFA08CD0}.Debug|Any CPU.Build.0 = Debug|Any CPU
		{2B5D92E4-18E8-4942-BA86-1162BFA08CD0}.Release|Any CPU.ActiveCfg = Release|Any CPU
		{2B5D92E4-18E8-4942-BA86-1162BFA08CD0}.Release|Any CPU.Build.0 = Release|Any CPU
		{0DF4B2C8-8780-4BE5-9889-65A3059295A6}.Debug|Any CPU.ActiveCfg = Debug|Any CPU
		{0DF4B2C8-8780-4BE5-9889-65A3059295A6}.Debug|Any CPU.Build.0 = Debug|Any CPU
		{0DF4B2C8-8780-4BE5-9889-65A3059295A6}.Release|Any CPU.ActiveCfg = Release|Any CPU
		{0DF4B2C8-8780-4BE5-9889-65A3059295A6}.Release|Any CPU.Build.0 = Release|Any CPU
		{A6062A2C-0B2C-4BB1-8472-010A68EC4E55}.Debug|Any CPU.ActiveCfg = Debug|Any CPU
		{A6062A2C-0B2C-4BB1-8472-010A68EC4E55}.Debug|Any CPU.Build.0 = Debug|Any CPU
		{A6062A2C-0B2C-4BB1-8472-010A68EC4E55}.Release|Any CPU.ActiveCfg = Release|Any CPU
		{A6062A2C-0B2C-4BB1-8472-010A68EC4E55}.Release|Any CPU.Build.0 = Release|Any CPU
		{41422DE8-C53F-4474-BFEC-4DB85CE5EE08}.Debug|Any CPU.ActiveCfg = Debug|Any CPU
		{41422DE8-C53F-4474-BFEC-4DB85CE5EE08}.Debug|Any CPU.Build.0 = Debug|Any CPU
		{41422DE8-C53F-4474-BFEC-4DB85CE5EE08}.Release|Any CPU.ActiveCfg = Release|Any CPU
		{41422DE8-C53F-4474-BFEC-4DB85CE5EE08}.Release|Any CPU.Build.0 = Release|Any CPU
		{EE5F7BB7-8C93-436B-A098-9ACB73CE05D6}.Debug|Any CPU.ActiveCfg = Debug|Any CPU
		{EE5F7BB7-8C93-436B-A098-9ACB73CE05D6}.Debug|Any CPU.Build.0 = Debug|Any CPU
		{EE5F7BB7-8C93-436B-A098-9ACB73CE05D6}.Release|Any CPU.ActiveCfg = Release|Any CPU
		{EE5F7BB7-8C93-436B-A098-9ACB73CE05D6}.Release|Any CPU.Build.0 = Release|Any CPU
		{F58B092D-62F2-4A55-A678-B02220A21945}.Debug|Any CPU.ActiveCfg = Debug|Any CPU
		{F58B092D-62F2-4A55-A678-B02220A21945}.Debug|Any CPU.Build.0 = Debug|Any CPU
		{F58B092D-62F2-4A55-A678-B02220A21945}.Release|Any CPU.ActiveCfg = Release|Any CPU
		{F58B092D-62F2-4A55-A678-B02220A21945}.Release|Any CPU.Build.0 = Release|Any CPU
		{89323597-3B01-4E3C-AD2D-95FDD90A7211}.Debug|Any CPU.ActiveCfg = Debug|Any CPU
		{89323597-3B01-4E3C-AD2D-95FDD90A7211}.Debug|Any CPU.Build.0 = Debug|Any CPU
		{89323597-3B01-4E3C-AD2D-95FDD90A7211}.Release|Any CPU.ActiveCfg = Release|Any CPU
		{89323597-3B01-4E3C-AD2D-95FDD90A7211}.Release|Any CPU.Build.0 = Release|Any CPU
		{765B1A12-506A-4CB4-9027-C14CB497FA9D}.Debug|Any CPU.ActiveCfg = Debug|Any CPU
		{765B1A12-506A-4CB4-9027-C14CB497FA9D}.Debug|Any CPU.Build.0 = Debug|Any CPU
		{765B1A12-506A-4CB4-9027-C14CB497FA9D}.Release|Any CPU.ActiveCfg = Release|Any CPU
		{765B1A12-506A-4CB4-9027-C14CB497FA9D}.Release|Any CPU.Build.0 = Release|Any CPU
		{9446F6DD-BCA8-4B50-9D57-24686B388763}.Debug|Any CPU.ActiveCfg = Debug|Any CPU
		{9446F6DD-BCA8-4B50-9D57-24686B388763}.Debug|Any CPU.Build.0 = Debug|Any CPU
		{9446F6DD-BCA8-4B50-9D57-24686B388763}.Release|Any CPU.ActiveCfg = Release|Any CPU
		{9446F6DD-BCA8-4B50-9D57-24686B388763}.Release|Any CPU.Build.0 = Release|Any CPU
	EndGlobalSection
	GlobalSection(SolutionProperties) = preSolution
		HideSolutionNode = FALSE
	EndGlobalSection
	GlobalSection(ExtensibilityGlobals) = postSolution
		SolutionGuid = {8B60D877-A4DA-4942-B486-388E9C61BC57}
	EndGlobalSection
EndGlobal
